
Microsoft Visual Studio Solution File, Format Version 12.00
# Visual Studio Version 17
VisualStudioVersion = 17.14.36915.13
MinimumVisualStudioVersion = 10.0.40219.1
Project("{FAE04EC0-301F-11D3-BF4B-00C04F79EFBC}") = "ShoesShop.API", "ShoesShop.API\ShoesShop.API.csproj", "{A0151712-44E7-4D90-B6BA-07B623054FC2}"
EndProject
Project("{FAE04EC0-301F-11D3-BF4B-00C04F79EFBC}") = "ShoesShop.Business", "ShoesShop.Business\ShoesShop.Business.csproj", "{E4ED2E8F-3E88-49A9-96E5-43E03565A169}"
EndProject
Project("{FAE04EC0-301F-11D3-BF4B-00C04F79EFBC}") = "ShoesShop.Data", "ShoesShop.Data\ShoesShop.Data.csproj", "{C0772C18-815B-4D33-BE2A-3D74C7F91503}"
EndProject
Project("{FAE04EC0-301F-11D3-BF4B-00C04F79EFBC}") = "ShoesShop.Web", "ShoesShop.Web\ShoesShop.Web.csproj", "{64A96470-FA0C-4470-8677-49BA932CB840}"
EndProject
Project("{FAE04EC0-301F-11D3-BF4B-00C04F79EFBC}") = "ShoesShop.Shared", "ShoesShop.Shared\ShoesShop.Shared.csproj", "{869F5612-D622-4D6D-BA52-03D1F724F957}"
EndProject
Global
	GlobalSection(SolutionConfigurationPlatforms) = preSolution
		Debug|Any CPU = Debug|Any CPU
		Release|Any CPU = Release|Any CPU
	EndGlobalSection
	GlobalSection(ProjectConfigurationPlatforms) = postSolution
		{A0151712-44E7-4D90-B6BA-07B623054FC2}.Debug|Any CPU.ActiveCfg = Debug|Any CPU
		{A0151712-44E7-4D90-B6BA-07B623054FC2}.Debug|Any CPU.Build.0 = Debug|Any CPU
		{A0151712-44E7-4D90-B6BA-07B623054FC2}.Release|Any CPU.ActiveCfg = Release|Any CPU
		{A0151712-44E7-4D90-B6BA-07B623054FC2}.Release|Any CPU.Build.0 = Release|Any CPU
		{E4ED2E8F-3E88-49A9-96E5-43E03565A169}.Debug|Any CPU.ActiveCfg = Debug|Any CPU
		{E4ED2E8F-3E88-49A9-96E5-43E03565A169}.Debug|Any CPU.Build.0 = Debug|Any CPU
		{E4ED2E8F-3E88-49A9-96E5-43E03565A169}.Release|Any CPU.ActiveCfg = Release|Any CPU
		{E4ED2E8F-3E88-49A9-96E5-43E03565A169}.Release|Any CPU.Build.0 = Release|Any CPU
		{C0772C18-815B-4D33-BE2A-3D74C7F91503}.Debug|Any CPU.ActiveCfg = Debug|Any CPU
		{C0772C18-815B-4D33-BE2A-3D74C7F91503}.Debug|Any CPU.Build.0 = Debug|Any CPU
		{C0772C18-815B-4D33-BE2A-3D74C7F91503}.Release|Any CPU.ActiveCfg = Release|Any CPU
		{C0772C18-815B-4D33-BE2A-3D74C7F91503}.Release|Any CPU.Build.0 = Release|Any CPU
		{64A96470-FA0C-4470-8677-49BA932CB840}.Debug|Any CPU.ActiveCfg = Debug|Any CPU
		{64A96470-FA0C-4470-8677-49BA932CB840}.Debug|Any CPU.Build.0 = Debug|Any CPU
		{64A96470-FA0C-4470-8677-49BA932CB840}.Release|Any CPU.ActiveCfg = Release|Any CPU
		{64A96470-FA0C-4470-8677-49BA932CB840}.Release|Any CPU.Build.0 = Release|Any CPU
		{869F5612-D622-4D6D-BA52-03D1F724F957}.Debug|Any CPU.ActiveCfg = Debug|Any CPU
		{869F5612-D622-4D6D-BA52-03D1F724F957}.Debug|Any CPU.Build.0 = Debug|Any CPU
		{869F5612-D622-4D6D-BA52-03D1F724F957}.Release|Any CPU.ActiveCfg = Release|Any CPU
		{869F5612-D622-4D6D-BA52-03D1F724F957}.Release|Any CPU.Build.0 = Release|Any CPU
	EndGlobalSection
	GlobalSection(SolutionProperties) = preSolution
		HideSolutionNode = FALSE
	EndGlobalSection
	GlobalSection(ExtensibilityGlobals) = postSolution
		SolutionGuid = {4D945130-38E0-45F5-A8F2-55E46F53D942}
	EndGlobalSection
EndGlobal
